
Microsoft Visual Studio Solution File, Format Version 12.00
# Visual Studio Version 16
VisualStudioVersion = 16.0.31205.134
MinimumVisualStudioVersion = 10.0.40219.1
Project("{FAE04EC0-301F-11D3-BF4B-00C04F79EFBC}") = "DanishDictionary.Android", "DanishDictionary\DanishDictionary.Android\DanishDictionary.Android.csproj", "{5208A18F-88AF-4A1B-A6EE-A7DDE2BB9CE1}"
EndProject
Project("{FAE04EC0-301F-11D3-BF4B-00C04F79EFBC}") = "DanishDictionary", "DanishDictionary\DanishDictionary\DanishDictionary.csproj", "{54FB8D99-344A-48F6-A385-690DE55BA43C}"
EndProject
Global
	GlobalSection(SolutionConfigurationPlatforms) = preSolution
		Debug|Any CPU = Debug|Any CPU
		Release|Any CPU = Release|Any CPU
	EndGlobalSection
	GlobalSection(ProjectConfigurationPlatforms) = postSolution
		{5208A18F-88AF-4A1B-A6EE-A7DDE2BB9CE1}.Debug|Any CPU.ActiveCfg = Debug|Any CPU
		{5208A18F-88AF-4A1B-A6EE-A7DDE2BB9CE1}.Debug|Any CPU.Build.0 = Debug|Any CPU
		{5208A18F-88AF-4A1B-A6EE-A7DDE2BB9CE1}.Debug|Any CPU.Deploy.0 = Debug|Any CPU
		{5208A18F-88AF-4A1B-A6EE-A7DDE2BB9CE1}.Release|Any CPU.ActiveCfg = Release|Any CPU
		{5208A18F-88AF-4A1B-A6EE-A7DDE2BB9CE1}.Release|Any CPU.Build.0 = Release|Any CPU
		{5208A18F-88AF-4A1B-A6EE-A7DDE2BB9CE1}.Release|Any CPU.Deploy.0 = Release|Any CPU
		{54FB8D99-344A-48F6-A385-690DE55BA43C}.Debug|Any CPU.ActiveCfg = Debug|Any CPU
		{54FB8D99-344A-48F6-A385-690DE55BA43C}.Debug|Any CPU.Build.0 = Debug|Any CPU
		{54FB8D99-344A-48F6-A385-690DE55BA43C}.Debug|Any CPU.Deploy.0 = Debug|Any CPU
		{54FB8D99-344A-48F6-A385-690DE55BA43C}.Release|Any CPU.ActiveCfg = Release|Any CPU
		{54FB8D99-344A-48F6-A385-690DE55BA43C}.Release|Any CPU.Build.0 = Release|Any CPU
		{54FB8D99-344A-48F6-A385-690DE55BA43C}.Release|Any CPU.Deploy.0 = Release|Any CPU
	EndGlobalSection
	GlobalSection(SolutionProperties) = preSolution
		HideSolutionNode = FALSE
	EndGlobalSection
	GlobalSection(ExtensibilityGlobals) = postSolution
		SolutionGuid = {E8D4B1DB-6A72-4A22-A18B-8E3766AD6BA5}
	EndGlobalSection
EndGlobal
